
Microsoft Visual Studio Solution File, Format Version 12.00
# Visual Studio Version 17
VisualStudioVersion = 17.4.33205.214
MinimumVisualStudioVersion = 10.0.40219.1
Project("{FAE04EC0-301F-11D3-BF4B-00C04F79EFBC}") = "FPII23-P2", "FPII23-P2.csproj", "{C0885EF3-4F6E-4840-B4EA-E5CEFDF11C64}"
EndProject
Global
	GlobalSection(SolutionConfigurationPlatforms) = preSolution
		Debug|Any CPU = Debug|Any CPU
		Release|Any CPU = Release|Any CPU
	EndGlobalSection
	GlobalSection(ProjectConfigurationPlatforms) = postSolution
		{C0885EF3-4F6E-4840-B4EA-E5CEFDF11C64}.Debug|Any CPU.ActiveCfg = Debug|Any CPU
		{C0885EF3-4F6E-4840-B4EA-E5CEFDF11C64}.Debug|Any CPU.Build.0 = Debug|Any CPU
		{C0885EF3-4F6E-4840-B4EA-E5CEFDF11C64}.Release|Any CPU.ActiveCfg = Release|Any CPU
		{C0885EF3-4F6E-4840-B4EA-E5CEFDF11C64}.Release|Any CPU.Build.0 = Release|Any CPU
	EndGlobalSection
	GlobalSection(SolutionProperties) = preSolution
		HideSolutionNode = FALSE
	EndGlobalSection
	GlobalSection(ExtensibilityGlobals) = postSolution
		SolutionGuid = {77A90E41-4FC7-4E63-A04F-0AA98C64B727}
	EndGlobalSection
EndGlobal
